{
    "version": 3,
    "terraform_version": "0.10.2",
    "serial": 8,
    "lineage": "d5901a8c-e4f5-4a5c-8e76-da3345fdb55e",
    "modules": [
        {
            "path": [
                "root"
            ],
            "outputs": {},
            "resources": {
                "aws_eip.one": {
                    "type": "aws_eip",
                    "depends_on": [],
                    "primary": {
                        "id": "eipalloc-06a88c3c",
                        "attributes": {
                            "association_id": "eipassoc-db3065e6",
                            "domain": "vpc",
                            "id": "eipalloc-06a88c3c",
                            "instance": "",
                            "network_interface": "eni-98e051b5",
                            "private_ip": "10.0.0.98",
                            "public_ip": "52.49.126.164",
                            "vpc": "true"
                        },
                        "meta": {},
                        "tainted": false
                    },
                    "deposed": [],
                    "provider": ""
                },
                "aws_elb.bar": {
                    "type": "aws_elb",
                    "depends_on": [
                        "aws_instance.web1",
                        "aws_instance.web2",
                        "aws_instance.web3",
                        "aws_subnet.eu-west-1a-public",
                        "aws_subnet.eu-west-1b-private",
                        "aws_subnet.eu-west-1c-private"
                    ],
                    "primary": {
                        "id": "terraform-elb",
                        "attributes": {
                            "access_logs.#": "0",
                            "availability_zones.#": "3",
                            "availability_zones.1924028850": "eu-west-1b",
                            "availability_zones.3953592328": "eu-west-1a",
                            "availability_zones.94988580": "eu-west-1c",
                            "connection_draining": "true",
                            "connection_draining_timeout": "400",
                            "cross_zone_load_balancing": "true",
                            "dns_name": "terraform-elb-1344303642.eu-west-1.elb.amazonaws.com",
                            "health_check.#": "1",
                            "health_check.0.healthy_threshold": "2",
                            "health_check.0.interval": "30",
                            "health_check.0.target": "TCP:22",
                            "health_check.0.timeout": "3",
                            "health_check.0.unhealthy_threshold": "2",
                            "id": "terraform-elb",
                            "idle_timeout": "400",
                            "instances.#": "3",
                            "instances.2475651775": "i-06f230ef228718517",
                            "instances.3665960782": "i-0d1e9a545d1871bb8",
                            "instances.3836553337": "i-03599d70f11338918",
                            "internal": "false",
                            "listener.#": "1",
                            "listener.3057123346.instance_port": "80",
                            "listener.3057123346.instance_protocol": "http",
                            "listener.3057123346.lb_port": "80",
                            "listener.3057123346.lb_protocol": "http",
                            "listener.3057123346.ssl_certificate_id": "",
                            "name": "terraform-elb",
                            "security_groups.#": "1",
                            "security_groups.4103538415": "sg-cde590b5",
                            "source_security_group": "634259792471/default",
                            "source_security_group_id": "sg-cde590b5",
                            "subnets.#": "3",
                            "subnets.1122810109": "subnet-0772ee4e",
                            "subnets.3833150734": "subnet-4174e026",
                            "subnets.4054934631": "subnet-7211c129",
                            "tags.%": "1",
                            "tags.Name": "foobar-terraform-elb",
                            "zone_id": "Z32O12XQLNTSW2"
                        },
                        "meta": {},
                        "tainted": false
                    },
                    "deposed": [],
                    "provider": ""
                },
                "aws_instance.web1": {
                    "type": "aws_instance",
                    "depends_on": [
                        "aws_subnet.eu-west-1a-public"
                    ],
                    "primary": {
                        "id": "i-03599d70f11338918",
                        "attributes": {
                            "ami": "ami-1e749f67",
                            "associate_public_ip_address": "false",
                            "availability_zone": "eu-west-1a",
                            "disable_api_termination": "false",
                            "ebs_block_device.#": "0",
                            "ebs_optimized": "false",
                            "ephemeral_block_device.#": "0",
                            "iam_instance_profile": "",
                            "id": "i-03599d70f11338918",
                            "instance_state": "running",
                            "instance_type": "t2.micro",
                            "ipv6_addresses.#": "0",
                            "key_name": "",
                            "monitoring": "false",
                            "network_interface.#": "0",
                            "network_interface_id": "eni-18d66735",
                            "primary_network_interface_id": "eni-18d66735",
                            "private_dns": "ip-10-0-0-34.eu-west-1.compute.internal",
                            "private_ip": "10.0.0.34",
                            "public_dns": "",
                            "public_ip": "",
                            "root_block_device.#": "1",
                            "root_block_device.0.delete_on_termination": "true",
                            "root_block_device.0.iops": "100",
                            "root_block_device.0.volume_size": "8",
                            "root_block_device.0.volume_type": "gp2",
                            "security_groups.#": "0",
                            "source_dest_check": "true",
                            "subnet_id": "subnet-4174e026",
                            "tags.%": "1",
                            "tags.Name": "Nginx1",
                            "tenancy": "default",
                            "volume_tags.%": "0",
                            "vpc_security_group_ids.#": "1",
                            "vpc_security_group_ids.4103538415": "sg-cde590b5"
                        },
                        "meta": {
                            "e2bfb730-ecaa-11e6-8f88-34363bc7c4c0": {
                                "create": 600000000000,
                                "delete": 600000000000,
                                "update": 600000000000
                            },
                            "schema_version": "1"
                        },
                        "tainted": false
                    },
                    "deposed": [],
                    "provider": ""
                },
                "aws_instance.web2": {
                    "type": "aws_instance",
                    "depends_on": [
                        "aws_subnet.eu-west-1b-private"
                    ],
                    "primary": {
                        "id": "i-0d1e9a545d1871bb8",
                        "attributes": {
                            "ami": "ami-1e749f67",
                            "associate_public_ip_address": "false",
                            "availability_zone": "eu-west-1b",
                            "disable_api_termination": "false",
                            "ebs_block_device.#": "0",
                            "ebs_optimized": "false",
                            "ephemeral_block_device.#": "0",
                            "iam_instance_profile": "",
                            "id": "i-0d1e9a545d1871bb8",
                            "instance_state": "running",
                            "instance_type": "t2.micro",
                            "ipv6_addresses.#": "0",
                            "key_name": "",
                            "monitoring": "false",
                            "network_interface.#": "0",
                            "network_interface_id": "eni-dad813e5",
                            "primary_network_interface_id": "eni-dad813e5",
                            "private_dns": "ip-10-0-2-115.eu-west-1.compute.internal",
                            "private_ip": "10.0.2.115",
                            "public_dns": "",
                            "public_ip": "",
                            "root_block_device.#": "1",
                            "root_block_device.0.delete_on_termination": "true",
                            "root_block_device.0.iops": "100",
                            "root_block_device.0.volume_size": "8",
                            "root_block_device.0.volume_type": "gp2",
                            "security_groups.#": "0",
                            "source_dest_check": "true",
                            "subnet_id": "subnet-0772ee4e",
                            "tags.%": "1",
                            "tags.Name": "Nginx2",
                            "tenancy": "default",
                            "volume_tags.%": "0",
                            "vpc_security_group_ids.#": "1",
                            "vpc_security_group_ids.4103538415": "sg-cde590b5"
                        },
                        "meta": {
                            "e2bfb730-ecaa-11e6-8f88-34363bc7c4c0": {
                                "create": 600000000000,
                                "delete": 600000000000,
                                "update": 600000000000
                            },
                            "schema_version": "1"
                        },
                        "tainted": false
                    },
                    "deposed": [],
                    "provider": ""
                },
                "aws_instance.web3": {
                    "type": "aws_instance",
                    "depends_on": [
                        "aws_subnet.eu-west-1c-private"
                    ],
                    "primary": {
                        "id": "i-06f230ef228718517",
                        "attributes": {
                            "ami": "ami-1e749f67",
                            "associate_public_ip_address": "false",
                            "availability_zone": "eu-west-1c",
                            "disable_api_termination": "false",
                            "ebs_block_device.#": "0",
                            "ebs_optimized": "false",
                            "ephemeral_block_device.#": "0",
                            "iam_instance_profile": "",
                            "id": "i-06f230ef228718517",
                            "instance_state": "running",
                            "instance_type": "t2.micro",
                            "ipv6_addresses.#": "0",
                            "key_name": "",
                            "monitoring": "false",
                            "network_interface.#": "0",
                            "network_interface_id": "eni-c0cedace",
                            "primary_network_interface_id": "eni-c0cedace",
                            "private_dns": "ip-10-0-1-81.eu-west-1.compute.internal",
                            "private_ip": "10.0.1.81",
                            "public_dns": "",
                            "public_ip": "",
                            "root_block_device.#": "1",
                            "root_block_device.0.delete_on_termination": "true",
                            "root_block_device.0.iops": "100",
                            "root_block_device.0.volume_size": "8",
                            "root_block_device.0.volume_type": "gp2",
                            "security_groups.#": "0",
                            "source_dest_check": "true",
                            "subnet_id": "subnet-7211c129",
                            "tags.%": "1",
                            "tags.Name": "Nginx3",
                            "tenancy": "default",
                            "volume_tags.%": "0",
                            "vpc_security_group_ids.#": "1",
                            "vpc_security_group_ids.4103538415": "sg-cde590b5"
                        },
                        "meta": {
                            "e2bfb730-ecaa-11e6-8f88-34363bc7c4c0": {
                                "create": 600000000000,
                                "delete": 600000000000,
                                "update": 600000000000
                            },
                            "schema_version": "1"
                        },
                        "tainted": false
                    },
                    "deposed": [],
                    "provider": ""
                },
                "aws_internet_gateway.default": {
                    "type": "aws_internet_gateway",
                    "depends_on": [
                        "aws_vpc.default"
                    ],
                    "primary": {
                        "id": "igw-04dde860",
                        "attributes": {
                            "id": "igw-04dde860",
                            "tags.%": "0",
                            "vpc_id": "vpc-80f36fe7"
                        },
                        "meta": {},
                        "tainted": false
                    },
                    "deposed": [],
                    "provider": ""
                },
                "aws_nat_gateway.gw": {
                    "type": "aws_nat_gateway",
                    "depends_on": [
                        "aws_eip.one",
                        "aws_subnet.eu-west-1a-public"
                    ],
                    "primary": {
                        "id": "nat-09f961ab2d26618c9",
                        "attributes": {
                            "allocation_id": "eipalloc-06a88c3c",
                            "id": "nat-09f961ab2d26618c9",
                            "network_interface_id": "eni-98e051b5",
                            "private_ip": "10.0.0.98",
                            "public_ip": "52.49.126.164",
                            "subnet_id": "subnet-4174e026"
                        },
                        "meta": {},
                        "tainted": false
                    },
                    "deposed": [],
                    "provider": ""
                },
                "aws_route_table.eu-west-1-private": {
                    "type": "aws_route_table",
                    "depends_on": [
                        "aws_nat_gateway.gw",
                        "aws_vpc.default"
                    ],
                    "primary": {
                        "id": "rtb-38ff075e",
                        "attributes": {
                            "id": "rtb-38ff075e",
                            "propagating_vgws.#": "0",
                            "route.#": "1",
                            "route.2695494116.cidr_block": "0.0.0.0/0",
                            "route.2695494116.egress_only_gateway_id": "",
                            "route.2695494116.gateway_id": "",
                            "route.2695494116.instance_id": "",
                            "route.2695494116.ipv6_cidr_block": "",
                            "route.2695494116.nat_gateway_id": "nat-09f961ab2d26618c9",
                            "route.2695494116.network_interface_id": "",
                            "route.2695494116.vpc_peering_connection_id": "",
                            "tags.%": "1",
                            "tags.Name": "Private Subnet1",
                            "vpc_id": "vpc-80f36fe7"
                        },
                        "meta": {},
                        "tainted": false
                    },
                    "deposed": [],
                    "provider": ""
                },
                "aws_route_table.eu-west-1a-public": {
                    "type": "aws_route_table",
                    "depends_on": [
                        "aws_internet_gateway.default",
                        "aws_vpc.default"
                    ],
                    "primary": {
                        "id": "rtb-1bf0087d",
                        "attributes": {
                            "id": "rtb-1bf0087d",
                            "propagating_vgws.#": "0",
                            "route.#": "1",
                            "route.1958217564.cidr_block": "0.0.0.0/0",
                            "route.1958217564.egress_only_gateway_id": "",
                            "route.1958217564.gateway_id": "igw-04dde860",
                            "route.1958217564.instance_id": "",
                            "route.1958217564.ipv6_cidr_block": "",
                            "route.1958217564.nat_gateway_id": "",
                            "route.1958217564.network_interface_id": "",
                            "route.1958217564.vpc_peering_connection_id": "",
                            "tags.%": "1",
                            "tags.Name": "Public Subnet",
                            "vpc_id": "vpc-80f36fe7"
                        },
                        "meta": {},
                        "tainted": false
                    },
                    "deposed": [],
                    "provider": ""
                },
                "aws_route_table_association.eu-west-1a-public": {
                    "type": "aws_route_table_association",
                    "depends_on": [
                        "aws_route_table.eu-west-1a-public",
                        "aws_subnet.eu-west-1a-public"
                    ],
                    "primary": {
                        "id": "rtbassoc-b209f5cb",
                        "attributes": {
                            "id": "rtbassoc-b209f5cb",
                            "route_table_id": "rtb-1bf0087d",
                            "subnet_id": "subnet-4174e026"
                        },
                        "meta": {},
                        "tainted": false
                    },
                    "deposed": [],
                    "provider": ""
                },
                "aws_route_table_association.eu-west-1b-private": {
                    "type": "aws_route_table_association",
                    "depends_on": [
                        "aws_route_table.eu-west-1-private",
                        "aws_subnet.eu-west-1b-private"
                    ],
                    "primary": {
                        "id": "rtbassoc-480bf731",
                        "attributes": {
                            "id": "rtbassoc-480bf731",
                            "route_table_id": "rtb-38ff075e",
                            "subnet_id": "subnet-0772ee4e"
                        },
                        "meta": {},
                        "tainted": false
                    },
                    "deposed": [],
                    "provider": ""
                },
                "aws_route_table_association.eu-west-1c-private": {
                    "type": "aws_route_table_association",
                    "depends_on": [
                        "aws_route_table.eu-west-1-private",
                        "aws_subnet.eu-west-1c-private"
                    ],
                    "primary": {
                        "id": "rtbassoc-3f04f846",
                        "attributes": {
                            "id": "rtbassoc-3f04f846",
                            "route_table_id": "rtb-38ff075e",
                            "subnet_id": "subnet-7211c129"
                        },
                        "meta": {},
                        "tainted": false
                    },
                    "deposed": [],
                    "provider": ""
                },
                "aws_subnet.eu-west-1a-public": {
                    "type": "aws_subnet",
                    "depends_on": [
                        "aws_vpc.default"
                    ],
                    "primary": {
                        "id": "subnet-4174e026",
                        "attributes": {
                            "assign_ipv6_address_on_creation": "false",
                            "availability_zone": "eu-west-1a",
                            "cidr_block": "10.0.0.0/24",
                            "id": "subnet-4174e026",
                            "map_public_ip_on_launch": "false",
                            "tags.%": "1",
                            "tags.Name": "Public Subnet",
                            "vpc_id": "vpc-80f36fe7"
                        },
                        "meta": {
                            "schema_version": "1"
                        },
                        "tainted": false
                    },
                    "deposed": [],
                    "provider": ""
                },
                "aws_subnet.eu-west-1b-private": {
                    "type": "aws_subnet",
                    "depends_on": [
                        "aws_vpc.default"
                    ],
                    "primary": {
                        "id": "subnet-0772ee4e",
                        "attributes": {
                            "assign_ipv6_address_on_creation": "false",
                            "availability_zone": "eu-west-1b",
                            "cidr_block": "10.0.2.0/24",
                            "id": "subnet-0772ee4e",
                            "map_public_ip_on_launch": "false",
                            "tags.%": "1",
                            "tags.Name": "Private Subnet2",
                            "vpc_id": "vpc-80f36fe7"
                        },
                        "meta": {
                            "schema_version": "1"
                        },
                        "tainted": false
                    },
                    "deposed": [],
                    "provider": ""
                },
                "aws_subnet.eu-west-1c-private": {
                    "type": "aws_subnet",
                    "depends_on": [
                        "aws_vpc.default"
                    ],
                    "primary": {
                        "id": "subnet-7211c129",
                        "attributes": {
                            "assign_ipv6_address_on_creation": "false",
                            "availability_zone": "eu-west-1c",
                            "cidr_block": "10.0.1.0/24",
                            "id": "subnet-7211c129",
                            "map_public_ip_on_launch": "false",
                            "tags.%": "1",
                            "tags.Name": "Private Subnet1",
                            "vpc_id": "vpc-80f36fe7"
                        },
                        "meta": {
                            "schema_version": "1"
                        },
                        "tainted": false
                    },
                    "deposed": [],
                    "provider": ""
                },
                "aws_vpc.default": {
                    "type": "aws_vpc",
                    "depends_on": [],
                    "primary": {
                        "id": "vpc-80f36fe7",
                        "attributes": {
                            "assign_generated_ipv6_cidr_block": "false",
                            "cidr_block": "10.0.0.0/16",
                            "default_network_acl_id": "acl-9e4b61f9",
                            "default_route_table_id": "rtb-02fc0464",
                            "default_security_group_id": "sg-cde590b5",
                            "dhcp_options_id": "dopt-7d7a6c1f",
                            "enable_classiclink": "false",
                            "enable_classiclink_dns_support": "false",
                            "enable_dns_hostnames": "true",
                            "enable_dns_support": "true",
                            "id": "vpc-80f36fe7",
                            "instance_tenancy": "default",
                            "main_route_table_id": "rtb-02fc0464",
                            "tags.%": "1",
                            "tags.Name": "terraform-aws-vpc"
                        },
                        "meta": {
                            "schema_version": "1"
                        },
                        "tainted": false
                    },
                    "deposed": [],
                    "provider": ""
                }
            },
            "depends_on": []
        }
    ]
}
